
Microsoft Visual Studio Solution File, Format Version 12.00
# Visual Studio Version 17
VisualStudioVersion = 17.10.35122.118
MinimumVisualStudioVersion = 10.0.40219.1
Project("{FAE04EC0-301F-11D3-BF4B-00C04F79EFBC}") = "04 Lists", "04 Lists\04 Lists.csproj", "{9E967CAA-3B33-4B87-9B2D-68CADC135860}"
EndProject
Global
	GlobalSection(SolutionConfigurationPlatforms) = preSolution
		Debug|Any CPU = Debug|Any CPU
		Release|Any CPU = Release|Any CPU
	EndGlobalSection
	GlobalSection(ProjectConfigurationPlatforms) = postSolution
		{9E967CAA-3B33-4B87-9B2D-68CADC135860}.Debug|Any CPU.ActiveCfg = Debug|Any CPU
		{9E967CAA-3B33-4B87-9B2D-68CADC135860}.Debug|Any CPU.Build.0 = Debug|Any CPU
		{9E967CAA-3B33-4B87-9B2D-68CADC135860}.Release|Any CPU.ActiveCfg = Release|Any CPU
		{9E967CAA-3B33-4B87-9B2D-68CADC135860}.Release|Any CPU.Build.0 = Release|Any CPU
	EndGlobalSection
	GlobalSection(SolutionProperties) = preSolution
		HideSolutionNode = FALSE
	EndGlobalSection
	GlobalSection(ExtensibilityGlobals) = postSolution
		SolutionGuid = {DCC349F4-0C6D-4E33-9E6D-0DC75F30F217}
	EndGlobalSection
EndGlobal
