
Microsoft Visual Studio Solution File, Format Version 12.00
# Visual Studio Version 17
VisualStudioVersion = 17.10.35122.118
MinimumVisualStudioVersion = 10.0.40219.1
Project("{FAE04EC0-301F-11D3-BF4B-00C04F79EFBC}") = "01 Lists", "01 Lists\01 Lists.csproj", "{F643D02D-CCDA-4C1D-B0B8-2FDBEF587669}"
EndProject
Global
	GlobalSection(SolutionConfigurationPlatforms) = preSolution
		Debug|Any CPU = Debug|Any CPU
		Release|Any CPU = Release|Any CPU
	EndGlobalSection
	GlobalSection(ProjectConfigurationPlatforms) = postSolution
		{F643D02D-CCDA-4C1D-B0B8-2FDBEF587669}.Debug|Any CPU.ActiveCfg = Debug|Any CPU
		{F643D02D-CCDA-4C1D-B0B8-2FDBEF587669}.Debug|Any CPU.Build.0 = Debug|Any CPU
		{F643D02D-CCDA-4C1D-B0B8-2FDBEF587669}.Release|Any CPU.ActiveCfg = Release|Any CPU
		{F643D02D-CCDA-4C1D-B0B8-2FDBEF587669}.Release|Any CPU.Build.0 = Release|Any CPU
	EndGlobalSection
	GlobalSection(SolutionProperties) = preSolution
		HideSolutionNode = FALSE
	EndGlobalSection
	GlobalSection(ExtensibilityGlobals) = postSolution
		SolutionGuid = {154422B9-6CBF-49C1-9D81-7E12DEB7A3C3}
	EndGlobalSection
EndGlobal
